
Microsoft Visual Studio Solution File, Format Version 12.00
# Visual Studio 14
VisualStudioVersion = 14.0.25420.1
MinimumVisualStudioVersion = 10.0.40219.1
Project("{FAE04EC0-301F-11D3-BF4B-00C04F79EFBC}") = "IntegrationPlatform.REDEBANProcess", "IntegrationPlatform.REDEBANProcess\IntegrationPlatform.REDEBANProcess.csproj", "{07FC5179-9186-4125-A377-87342054E9BC}"
EndProject
Project("{FAE04EC0-301F-11D3-BF4B-00C04F79EFBC}") = "IntegrationPlatform.REDEBANProcess.Test", "IntegrationPlatform.REDEBANProcess.Test\IntegrationPlatform.REDEBANProcess.Test.csproj", "{21630C8A-1A5B-4EDA-938A-8522C92CFBB8}"
EndProject
Project("{FAE04EC0-301F-11D3-BF4B-00C04F79EFBC}") = "IntegrationPlatformREDEBANMessage", "IntegrationPlatformREDEBANMessage\IntegrationPlatformREDEBANMessage.csproj", "{7632F147-730D-4CAC-B5C2-97BCBF390954}"
EndProject
Global
	GlobalSection(SolutionConfigurationPlatforms) = preSolution
		Debug|Any CPU = Debug|Any CPU
		Release|Any CPU = Release|Any CPU
	EndGlobalSection
	GlobalSection(ProjectConfigurationPlatforms) = postSolution
		{07FC5179-9186-4125-A377-87342054E9BC}.Debug|Any CPU.ActiveCfg = Debug|Any CPU
		{07FC5179-9186-4125-A377-87342054E9BC}.Debug|Any CPU.Build.0 = Debug|Any CPU
		{07FC5179-9186-4125-A377-87342054E9BC}.Release|Any CPU.ActiveCfg = Release|Any CPU
		{07FC5179-9186-4125-A377-87342054E9BC}.Release|Any CPU.Build.0 = Release|Any CPU
		{21630C8A-1A5B-4EDA-938A-8522C92CFBB8}.Debug|Any CPU.ActiveCfg = Debug|Any CPU
		{21630C8A-1A5B-4EDA-938A-8522C92CFBB8}.Debug|Any CPU.Build.0 = Debug|Any CPU
		{21630C8A-1A5B-4EDA-938A-8522C92CFBB8}.Release|Any CPU.ActiveCfg = Release|Any CPU
		{21630C8A-1A5B-4EDA-938A-8522C92CFBB8}.Release|Any CPU.Build.0 = Release|Any CPU
		{7632F147-730D-4CAC-B5C2-97BCBF390954}.Debug|Any CPU.ActiveCfg = Debug|Any CPU
		{7632F147-730D-4CAC-B5C2-97BCBF390954}.Debug|Any CPU.Build.0 = Debug|Any CPU
		{7632F147-730D-4CAC-B5C2-97BCBF390954}.Release|Any CPU.ActiveCfg = Release|Any CPU
		{7632F147-730D-4CAC-B5C2-97BCBF390954}.Release|Any CPU.Build.0 = Release|Any CPU
	EndGlobalSection
	GlobalSection(SolutionProperties) = preSolution
		HideSolutionNode = FALSE
	EndGlobalSection
EndGlobal
