
Microsoft Visual Studio Solution File, Format Version 12.00
# Visual Studio 14
VisualStudioVersion = 14.0.25420.1
MinimumVisualStudioVersion = 10.0.40219.1
Project("{FAE04EC0-301F-11D3-BF4B-00C04F79EFBC}") = "Register_Core", "Register_Core\Register_Core.csproj", "{F27A04F7-C65F-44BC-89EC-19EEEAE6DB22}"
EndProject
Project("{FAE04EC0-301F-11D3-BF4B-00C04F79EFBC}") = "Register_Test", "Register_Test\Register_Test.csproj", "{B356DCA5-136E-47C7-9615-16A11F9F473F}"
EndProject
Global
	GlobalSection(SolutionConfigurationPlatforms) = preSolution
		Debug|Any CPU = Debug|Any CPU
		Release|Any CPU = Release|Any CPU
	EndGlobalSection
	GlobalSection(ProjectConfigurationPlatforms) = postSolution
		{F27A04F7-C65F-44BC-89EC-19EEEAE6DB22}.Debug|Any CPU.ActiveCfg = Debug|Any CPU
		{F27A04F7-C65F-44BC-89EC-19EEEAE6DB22}.Debug|Any CPU.Build.0 = Debug|Any CPU
		{F27A04F7-C65F-44BC-89EC-19EEEAE6DB22}.Release|Any CPU.ActiveCfg = Release|Any CPU
		{F27A04F7-C65F-44BC-89EC-19EEEAE6DB22}.Release|Any CPU.Build.0 = Release|Any CPU
		{B356DCA5-136E-47C7-9615-16A11F9F473F}.Debug|Any CPU.ActiveCfg = Debug|Any CPU
		{B356DCA5-136E-47C7-9615-16A11F9F473F}.Debug|Any CPU.Build.0 = Debug|Any CPU
		{B356DCA5-136E-47C7-9615-16A11F9F473F}.Release|Any CPU.ActiveCfg = Release|Any CPU
		{B356DCA5-136E-47C7-9615-16A11F9F473F}.Release|Any CPU.Build.0 = Release|Any CPU
	EndGlobalSection
	GlobalSection(SolutionProperties) = preSolution
		HideSolutionNode = FALSE
	EndGlobalSection
EndGlobal
