
Microsoft Visual Studio Solution File, Format Version 12.00
# Visual Studio 14
VisualStudioVersion = 14.0.25420.1
MinimumVisualStudioVersion = 10.0.40219.1
Project("{FAE04EC0-301F-11D3-BF4B-00C04F79EFBC}") = "JudicialProcess_Core", "JudicialProcess_Core\JudicialProcess_Core.csproj", "{0B913DC7-7FF8-452E-950D-B5A09DC41E46}"
EndProject
Project("{FAE04EC0-301F-11D3-BF4B-00C04F79EFBC}") = "JudicialProcess_Core.Test", "JudicialProcess_Core.Test\JudicialProcess_Core.Test.csproj", "{AD7DBC95-5F90-4A52-9688-C78F6A61A116}"
EndProject
Project("{FAE04EC0-301F-11D3-BF4B-00C04F79EFBC}") = "Judicial.Test", "Judicial.Test\Judicial.Test.csproj", "{DAD29324-4199-46C1-AF5D-96DA79739B46}"
EndProject
Global
	GlobalSection(SolutionConfigurationPlatforms) = preSolution
		Debug|Any CPU = Debug|Any CPU
		Release|Any CPU = Release|Any CPU
	EndGlobalSection
	GlobalSection(ProjectConfigurationPlatforms) = postSolution
		{0B913DC7-7FF8-452E-950D-B5A09DC41E46}.Debug|Any CPU.ActiveCfg = Debug|Any CPU
		{0B913DC7-7FF8-452E-950D-B5A09DC41E46}.Debug|Any CPU.Build.0 = Debug|Any CPU
		{0B913DC7-7FF8-452E-950D-B5A09DC41E46}.Release|Any CPU.ActiveCfg = Release|Any CPU
		{0B913DC7-7FF8-452E-950D-B5A09DC41E46}.Release|Any CPU.Build.0 = Release|Any CPU
		{AD7DBC95-5F90-4A52-9688-C78F6A61A116}.Debug|Any CPU.ActiveCfg = Debug|Any CPU
		{AD7DBC95-5F90-4A52-9688-C78F6A61A116}.Debug|Any CPU.Build.0 = Debug|Any CPU
		{AD7DBC95-5F90-4A52-9688-C78F6A61A116}.Release|Any CPU.ActiveCfg = Release|Any CPU
		{AD7DBC95-5F90-4A52-9688-C78F6A61A116}.Release|Any CPU.Build.0 = Release|Any CPU
		{DAD29324-4199-46C1-AF5D-96DA79739B46}.Debug|Any CPU.ActiveCfg = Debug|Any CPU
		{DAD29324-4199-46C1-AF5D-96DA79739B46}.Debug|Any CPU.Build.0 = Debug|Any CPU
		{DAD29324-4199-46C1-AF5D-96DA79739B46}.Release|Any CPU.ActiveCfg = Release|Any CPU
		{DAD29324-4199-46C1-AF5D-96DA79739B46}.Release|Any CPU.Build.0 = Release|Any CPU
	EndGlobalSection
	GlobalSection(SolutionProperties) = preSolution
		HideSolutionNode = FALSE
	EndGlobalSection
EndGlobal
